// !$*UTF8*$!
{
	archiveVersion = 1;
	classes = {
	};
	objectVersion = 48;
	objects = {

/* Begin PBXBuildFile section */
		1ABE90D3221DAEDE00BB3580 /* AppDelegate.swift in Sources */ = {isa = PBXBuildFile; fileRef = 1ABE90D2221DAEDE00BB3580 /* AppDelegate.swift */; };
		1ABE90D5221DAEDE00BB3580 /* ViewController.swift in Sources */ = {isa = PBXBuildFile; fileRef = 1ABE90D4221DAEDE00BB3580 /* ViewController.swift */; };
		1ABE90D8221DAEDE00BB3580 /* Main.storyboard in Resources */ = {isa = PBXBuildFile; fileRef = 1ABE90D6221DAEDE00BB3580 /* Main.storyboard */; };
		1ABE90DA221DAEDE00BB3580 /* Assets.xcassets in Resources */ = {isa = PBXBuildFile; fileRef = 1ABE90D9221DAEDE00BB3580 /* Assets.xcassets */; };
		1ABE90DD221DAEDE00BB3580 /* LaunchScreen.storyboard in Resources */ = {isa = PBXBuildFile; fileRef = 1ABE90DB221DAEDE00BB3580 /* LaunchScreen.storyboard */; };
		1ABE90E8221DAEDE00BB3580 /* ViewControllerAliciaZamora20feb2019Tests.swift in Sources */ = {isa = PBXBuildFile; fileRef = 1ABE90E7221DAEDE00BB3580 /* ViewControllerAliciaZamora20feb2019Tests.swift */; };
		1ABE90F3221DAEDE00BB3580 /* ViewControllerAliciaZamora20feb2019UITests.swift in Sources */ = {isa = PBXBuildFile; fileRef = 1ABE90F2221DAEDE00BB3580 /* ViewControllerAliciaZamora20feb2019UITests.swift */; };
/* End PBXBuildFile section */

/* Begin PBXContainerItemProxy section */
		1ABE90E4221DAEDE00BB3580 /* PBXContainerItemProxy */ = {
			isa = PBXContainerItemProxy;
			containerPortal = 1ABE90C7221DAEDD00BB3580 /* Project object */;
			proxyType = 1;
			remoteGlobalIDString = 1ABE90CE221DAEDE00BB3580;
			remoteInfo = ViewControllerAliciaZamora20feb2019;
		};
		1ABE90EF221DAEDE00BB3580 /* PBXContainerItemProxy */ = {
			isa = PBXContainerItemProxy;
			containerPortal = 1ABE90C7221DAEDD00BB3580 /* Project object */;
			proxyType = 1;
			remoteGlobalIDString = 1ABE90CE221DAEDE00BB3580;
			remoteInfo = ViewControllerAliciaZamora20feb2019;
		};
/* End PBXContainerItemProxy section */

/* Begin PBXFileReference section */
		1ABE90CF221DAEDE00BB3580 /* ViewControllerAliciaZamora20feb2019.app */ = {isa = PBXFileReference; explicitFileType = wrapper.application; includeInIndex = 0; path = ViewControllerAliciaZamora20feb2019.app; sourceTree = BUILT_PRODUCTS_DIR; };
		1ABE90D2221DAEDE00BB3580 /* AppDelegate.swift */ = {isa = PBXFileReference; lastKnownFileType = sourcecode.swift; path = AppDelegate.swift; sourceTree = "<group>"; };
		1ABE90D4221DAEDE00BB3580 /* ViewController.swift */ = {isa = PBXFileReference; lastKnownFileType = sourcecode.swift; path = ViewController.swift; sourceTree = "<group>"; };
		1ABE90D7221DAEDE00BB3580 /* Base */ = {isa = PBXFileReference; lastKnownFileType = file.storyboard; name = Base; path = Base.lproj/Main.storyboard; sourceTree = "<group>"; };
		1ABE90D9221DAEDE00BB3580 /* Assets.xcassets */ = {isa = PBXFileReference; lastKnownFileType = folder.assetcatalog; path = Assets.xcassets; sourceTree = "<group>"; };
		1ABE90DC221DAEDE00BB3580 /* Base */ = {isa = PBXFileReference; lastKnownFileType = file.storyboard; name = Base; path = Base.lproj/LaunchScreen.storyboard; sourceTree = "<group>"; };
		1ABE90DE221DAEDE00BB3580 /* Info.plist */ = {isa = PBXFileReference; lastKnownFileType = text.plist.xml; path = Info.plist; sourceTree = "<group>"; };
		1ABE90E3221DAEDE00BB3580 /* ViewControllerAliciaZamora20feb2019Tests.xctest */ = {isa = PBXFileReference; explicitFileType = wrapper.cfbundle; includeInIndex = 0; path = ViewControllerAliciaZamora20feb2019Tests.xctest; sourceTree = BUILT_PRODUCTS_DIR; };
		1ABE90E7221DAEDE00BB3580 /* ViewControllerAliciaZamora20feb2019Tests.swift */ = {isa = PBXFileReference; lastKnownFileType = sourcecode.swift; path = ViewControllerAliciaZamora20feb2019Tests.swift; sourceTree = "<group>"; };
		1ABE90E9221DAEDE00BB3580 /* Info.plist */ = {isa = PBXFileReference; lastKnownFileType = text.plist.xml; path = Info.plist; sourceTree = "<group>"; };
		1ABE90EE221DAEDE00BB3580 /* ViewControllerAliciaZamora20feb2019UITests.xctest */ = {isa = PBXFileReference; explicitFileType = wrapper.cfbundle; includeInIndex = 0; path = ViewControllerAliciaZamora20feb2019UITests.xctest; sourceTree = BUILT_PRODUCTS_DIR; };
		1ABE90F2221DAEDE00BB3580 /* ViewControllerAliciaZamora20feb2019UITests.swift */ = {isa = PBXFileReference; lastKnownFileType = sourcecode.swift; path = ViewControllerAliciaZamora20feb2019UITests.swift; sourceTree = "<group>"; };
		1ABE90F4221DAEDE00BB3580 /* Info.plist */ = {isa = PBXFileReference; lastKnownFileType = text.plist.xml; path = Info.plist; sourceTree = "<group>"; };
/* End PBXFileReference section */

/* Begin PBXFrameworksBuildPhase section */
		1ABE90CC221DAEDE00BB3580 /* Frameworks */ = {
			isa = PBXFrameworksBuildPhase;
			buildActionMask = 2147483647;
			files = (
			);
			runOnlyForDeploymentPostprocessing = 0;
		};
		1ABE90E0221DAEDE00BB3580 /* Frameworks */ = {
			isa = PBXFrameworksBuildPhase;
			buildActionMask = 2147483647;
			files = (
			);
			runOnlyForDeploymentPostprocessing = 0;
		};
		1ABE90EB221DAEDE00BB3580 /* Frameworks */ = {
			isa = PBXFrameworksBuildPhase;
			buildActionMask = 2147483647;
			files = (
			);
			runOnlyForDeploymentPostprocessing = 0;
		};
/* End PBXFrameworksBuildPhase section */

/* Begin PBXGroup section */
		1ABE90C6221DAEDD00BB3580 = {
			isa = PBXGroup;
			children = (
				1ABE90D1221DAEDE00BB3580 /* ViewControllerAliciaZamora20feb2019 */,
				1ABE90E6221DAEDE00BB3580 /* ViewControllerAliciaZamora20feb2019Tests */,
				1ABE90F1221DAEDE00BB3580 /* ViewControllerAliciaZamora20feb2019UITests */,
				1ABE90D0221DAEDE00BB3580 /* Products */,
			);
			sourceTree = "<group>";
		};
		1ABE90D0221DAEDE00BB3580 /* Products */ = {
			isa = PBXGroup;
			children = (
				1ABE90CF221DAEDE00BB3580 /* ViewControllerAliciaZamora20feb2019.app */,
				1ABE90E3221DAEDE00BB3580 /* ViewControllerAliciaZamora20feb2019Tests.xctest */,
				1ABE90EE221DAEDE00BB3580 /* ViewControllerAliciaZamora20feb2019UITests.xctest */,
			);
			name = Products;
			sourceTree = "<group>";
		};
		1ABE90D1221DAEDE00BB3580 /* ViewControllerAliciaZamora20feb2019 */ = {
			isa = PBXGroup;
			children = (
				1ABE90D2221DAEDE00BB3580 /* AppDelegate.swift */,
				1ABE90D4221DAEDE00BB3580 /* ViewController.swift */,
				1ABE90D6221DAEDE00BB3580 /* Main.storyboard */,
				1ABE90D9221DAEDE00BB3580 /* Assets.xcassets */,
				1ABE90DB221DAEDE00BB3580 /* LaunchScreen.storyboard */,
				1ABE90DE221DAEDE00BB3580 /* Info.plist */,
			);
			path = ViewControllerAliciaZamora20feb2019;
			sourceTree = "<group>";
		};
		1ABE90E6221DAEDE00BB3580 /* ViewControllerAliciaZamora20feb2019Tests */ = {
			isa = PBXGroup;
			children = (
				1ABE90E7221DAEDE00BB3580 /* ViewControllerAliciaZamora20feb2019Tests.swift */,
				1ABE90E9221DAEDE00BB3580 /* Info.plist */,
			);
			path = ViewControllerAliciaZamora20feb2019Tests;
			sourceTree = "<group>";
		};
		1ABE90F1221DAEDE00BB3580 /* ViewControllerAliciaZamora20feb2019UITests */ = {
			isa = PBXGroup;
			children = (
				1ABE90F2221DAEDE00BB3580 /* ViewControllerAliciaZamora20feb2019UITests.swift */,
				1ABE90F4221DAEDE00BB3580 /* Info.plist */,
			);
			path = ViewControllerAliciaZamora20feb2019UITests;
			sourceTree = "<group>";
		};
/* End PBXGroup section */

/* Begin PBXNativeTarget section */
		1ABE90CE221DAEDE00BB3580 /* ViewControllerAliciaZamora20feb2019 */ = {
			isa = PBXNativeTarget;
			buildConfigurationList = 1ABE90F7221DAEDE00BB3580 /* Build configuration list for PBXNativeTarget "ViewControllerAliciaZamora20feb2019" */;
			buildPhases = (
				1ABE90CB221DAEDE00BB3580 /* Sources */,
				1ABE90CC221DAEDE00BB3580 /* Frameworks */,
				1ABE90CD221DAEDE00BB3580 /* Resources */,
			);
			buildRules = (
			);
			dependencies = (
			);
			name = ViewControllerAliciaZamora20feb2019;
			productName = ViewControllerAliciaZamora20feb2019;
			productReference = 1ABE90CF221DAEDE00BB3580 /* ViewControllerAliciaZamora20feb2019.app */;
			productType = "com.apple.product-type.application";
		};
		1ABE90E2221DAEDE00BB3580 /* ViewControllerAliciaZamora20feb2019Tests */ = {
			isa = PBXNativeTarget;
			buildConfigurationList = 1ABE90FA221DAEDE00BB3580 /* Build configuration list for PBXNativeTarget "ViewControllerAliciaZamora20feb2019Tests" */;
			buildPhases = (
				1ABE90DF221DAEDE00BB3580 /* Sources */,
				1ABE90E0221DAEDE00BB3580 /* Frameworks */,
				1ABE90E1221DAEDE00BB3580 /* Resources */,
			);
			buildRules = (
			);
			dependencies = (
				1ABE90E5221DAEDE00BB3580 /* PBXTargetDependency */,
			);
			name = ViewControllerAliciaZamora20feb2019Tests;
			productName = ViewControllerAliciaZamora20feb2019Tests;
			productReference = 1ABE90E3221DAEDE00BB3580 /* ViewControllerAliciaZamora20feb2019Tests.xctest */;
			productType = "com.apple.product-type.bundle.unit-test";
		};
		1ABE90ED221DAEDE00BB3580 /* ViewControllerAliciaZamora20feb2019UITests */ = {
			isa = PBXNativeTarget;
			buildConfigurationList = 1ABE90FD221DAEDE00BB3580 /* Build configuration list for PBXNativeTarget "ViewControllerAliciaZamora20feb2019UITests" */;
			buildPhases = (
				1ABE90EA221DAEDE00BB3580 /* Sources */,
				1ABE90EB221DAEDE00BB3580 /* Frameworks */,
				1ABE90EC221DAEDE00BB3580 /* Resources */,
			);
			buildRules = (
			);
			dependencies = (
				1ABE90F0221DAEDE00BB3580 /* PBXTargetDependency */,
			);
			name = ViewControllerAliciaZamora20feb2019UITests;
			productName = ViewControllerAliciaZamora20feb2019UITests;
			productReference = 1ABE90EE221DAEDE00BB3580 /* ViewControllerAliciaZamora20feb2019UITests.xctest */;
			productType = "com.apple.product-type.bundle.ui-testing";
		};
/* End PBXNativeTarget section */

/* Begin PBXProject section */
		1ABE90C7221DAEDD00BB3580 /* Project object */ = {
			isa = PBXProject;
			attributes = {
				LastSwiftUpdateCheck = 0920;
				LastUpgradeCheck = 0920;
				ORGANIZATIONNAME = "Universidad Politecnica de Gómez Palacio";
				TargetAttributes = {
					1ABE90CE221DAEDE00BB3580 = {
						CreatedOnToolsVersion = 9.2;
						ProvisioningStyle = Automatic;
					};
					1ABE90E2221DAEDE00BB3580 = {
						CreatedOnToolsVersion = 9.2;
						ProvisioningStyle = Automatic;
						TestTargetID = 1ABE90CE221DAEDE00BB3580;
					};
					1ABE90ED221DAEDE00BB3580 = {
						CreatedOnToolsVersion = 9.2;
						ProvisioningStyle = Automatic;
						TestTargetID = 1ABE90CE221DAEDE00BB3580;
					};
				};
			};
			buildConfigurationList = 1ABE90CA221DAEDD00BB3580 /* Build configuration list for PBXProject "ViewControllerAliciaZamora20feb2019" */;
			compatibilityVersion = "Xcode 8.0";
			developmentRegion = en;
			hasScannedForEncodings = 0;
			knownRegions = (
				en,
				Base,
			);
			mainGroup = 1ABE90C6221DAEDD00BB3580;
			productRefGroup = 1ABE90D0221DAEDE00BB3580 /* Products */;
			projectDirPath = "";
			projectRoot = "";
			targets = (
				1ABE90CE221DAEDE00BB3580 /* ViewControllerAliciaZamora20feb2019 */,
				1ABE90E2221DAEDE00BB3580 /* ViewControllerAliciaZamora20feb2019Tests */,
				1ABE90ED221DAEDE00BB3580 /* ViewControllerAliciaZamora20feb2019UITests */,
			);
		};
/* End PBXProject section */

/* Begin PBXResourcesBuildPhase section */
		1ABE90CD221DAEDE00BB3580 /* Resources */ = {
			isa = PBXResourcesBuildPhase;
			buildActionMask = 2147483647;
			files = (
				1ABE90DD221DAEDE00BB3580 /* LaunchScreen.storyboard in Resources */,
				1ABE90DA221DAEDE00BB3580 /* Assets.xcassets in Resources */,
				1ABE90D8221DAEDE00BB3580 /* Main.storyboard in Resources */,
			);
			runOnlyForDeploymentPostprocessing = 0;
		};
		1ABE90E1221DAEDE00BB3580 /* Resources */ = {
			isa = PBXResourcesBuildPhase;
			buildActionMask = 2147483647;
			files = (
			);
			runOnlyForDeploymentPostprocessing = 0;
		};
		1ABE90EC221DAEDE00BB3580 /* Resources */ = {
			isa = PBXResourcesBuildPhase;
			buildActionMask = 2147483647;
			files = (
			);
			runOnlyForDeploymentPostprocessing = 0;
		};
/* End PBXResourcesBuildPhase section */

/* Begin PBXSourcesBuildPhase section */
		1ABE90CB221DAEDE00BB3580 /* Sources */ = {
			isa = PBXSourcesBuildPhase;
			buildActionMask = 2147483647;
			files = (
				1ABE90D5221DAEDE00BB3580 /* ViewController.swift in Sources */,
				1ABE90D3221DAEDE00BB3580 /* AppDelegate.swift in Sources */,
			);
			runOnlyForDeploymentPostprocessing = 0;
		};
		1ABE90DF221DAEDE00BB3580 /* Sources */ = {
			isa = PBXSourcesBuildPhase;
			buildActionMask = 2147483647;
			files = (
				1ABE90E8221DAEDE00BB3580 /* ViewControllerAliciaZamora20feb2019Tests.swift in Sources */,
			);
			runOnlyForDeploymentPostprocessing = 0;
		};
		1ABE90EA221DAEDE00BB3580 /* Sources */ = {
			isa = PBXSourcesBuildPhase;
			buildActionMask = 2147483647;
			files = (
				1ABE90F3221DAEDE00BB3580 /* ViewControllerAliciaZamora20feb2019UITests.swift in Sources */,
			);
			runOnlyForDeploymentPostprocessing = 0;
		};
/* End PBXSourcesBuildPhase section */

/* Begin PBXTargetDependency section */
		1ABE90E5221DAEDE00BB3580 /* PBXTargetDependency */ = {
			isa = PBXTargetDependency;
			target = 1ABE90CE221DAEDE00BB3580 /* ViewControllerAliciaZamora20feb2019 */;
			targetProxy = 1ABE90E4221DAEDE00BB3580 /* PBXContainerItemProxy */;
		};
		1ABE90F0221DAEDE00BB3580 /* PBXTargetDependency */ = {
			isa = PBXTargetDependency;
			target = 1ABE90CE221DAEDE00BB3580 /* ViewControllerAliciaZamora20feb2019 */;
			targetProxy = 1ABE90EF221DAEDE00BB3580 /* PBXContainerItemProxy */;
		};
/* End PBXTargetDependency section */

/* Begin PBXVariantGroup section */
		1ABE90D6221DAEDE00BB3580 /* Main.storyboard */ = {
			isa = PBXVariantGroup;
			children = (
				1ABE90D7221DAEDE00BB3580 /* Base */,
			);
			name = Main.storyboard;
			sourceTree = "<group>";
		};
		1ABE90DB221DAEDE00BB3580 /* LaunchScreen.storyboard */ = {
			isa = PBXVariantGroup;
			children = (
				1ABE90DC221DAEDE00BB3580 /* Base */,
			);
			name = LaunchScreen.storyboard;
			sourceTree = "<group>";
		};
/* End PBXVariantGroup section */

/* Begin XCBuildConfiguration section */
		1ABE90F5221DAEDE00BB3580 /* Debug */ = {
			isa = XCBuildConfiguration;
			buildSettings = {
				ALWAYS_SEARCH_USER_PATHS = NO;
				CLANG_ANALYZER_NONNULL = YES;
				CLANG_ANALYZER_NUMBER_OBJECT_CONVERSION = YES_AGGRESSIVE;
				CLANG_CXX_LANGUAGE_STANDARD = "gnu++14";
				CLANG_CXX_LIBRARY = "libc++";
				CLANG_ENABLE_MODULES = YES;
				CLANG_ENABLE_OBJC_ARC = YES;
				CLANG_WARN_BLOCK_CAPTURE_AUTORELEASING = YES;
				CLANG_WARN_BOOL_CONVERSION = YES;
				CLANG_WARN_COMMA = YES;
				CLANG_WARN_CONSTANT_CONVERSION = YES;
				CLANG_WARN_DIRECT_OBJC_ISA_USAGE = YES_ERROR;
				CLANG_WARN_DOCUMENTATION_COMMENTS = YES;
				CLANG_WARN_EMPTY_BODY = YES;
				CLANG_WARN_ENUM_CONVERSION = YES;
				CLANG_WARN_INFINITE_RECURSION = YES;
				CLANG_WARN_INT_CONVERSION = YES;
				CLANG_WARN_NON_LITERAL_NULL_CONVERSION = YES;
				CLANG_WARN_OBJC_LITERAL_CONVERSION = YES;
				CLANG_WARN_OBJC_ROOT_CLASS = YES_ERROR;
				CLANG_WARN_RANGE_LOOP_ANALYSIS = YES;
				CLANG_WARN_STRICT_PROTOTYPES = YES;
				CLANG_WARN_SUSPICIOUS_MOVE = YES;
				CLANG_WARN_UNGUARDED_AVAILABILITY = YES_AGGRESSIVE;
				CLANG_WARN_UNREACHABLE_CODE = YES;
				CLANG_WARN__DUPLICATE_METHOD_MATCH = YES;
				CODE_SIGN_IDENTITY = "iPhone Developer";
				COPY_PHASE_STRIP = NO;
				DEBUG_INFORMATION_FORMAT = dwarf;
				ENABLE_STRICT_OBJC_MSGSEND = YES;
				ENABLE_TESTABILITY = YES;
				GCC_C_LANGUAGE_STANDARD = gnu11;
				GCC_DYNAMIC_NO_PIC = NO;
				GCC_NO_COMMON_BLOCKS = YES;
				GCC_OPTIMIZATION_LEVEL = 0;
				GCC_PREPROCESSOR_DEFINITIONS = (
					"DEBUG=1",
					"$(inherited)",
				);
				GCC_WARN_64_TO_32_BIT_CONVERSION = YES;
				GCC_WARN_ABOUT_RETURN_TYPE = YES_ERROR;
				GCC_WARN_UNDECLARED_SELECTOR = YES;
				GCC_WARN_UNINITIALIZED_AUTOS = YES_AGGRESSIVE;
				GCC_WARN_UNUSED_FUNCTION = YES;
				GCC_WARN_UNUSED_VARIABLE = YES;
				IPHONEOS_DEPLOYMENT_TARGET = 11.2;
				MTL_ENABLE_DEBUG_INFO = YES;
				ONLY_ACTIVE_ARCH = YES;
				SDKROOT = iphoneos;
				SWIFT_ACTIVE_COMPILATION_CONDITIONS = DEBUG;
				SWIFT_OPTIMIZATION_LEVEL = "-Onone";
			};
			name = Debug;
		};
		1ABE90F6221DAEDE00BB3580 /* Release */ = {
			isa = XCBuildConfiguration;
			buildSettings = {
				ALWAYS_SEARCH_USER_PATHS = NO;
				CLANG_ANALYZER_NONNULL = YES;
				CLANG_ANALYZER_NUMBER_OBJECT_CONVERSION = YES_AGGRESSIVE;
				CLANG_CXX_LANGUAGE_STANDARD = "gnu++14";
				CLANG_CXX_LIBRARY = "libc++";
				CLANG_ENABLE_MODULES = YES;
				CLANG_ENABLE_OBJC_ARC = YES;
				CLANG_WARN_BLOCK_CAPTURE_AUTORELEASING = YES;
				CLANG_WARN_BOOL_CONVERSION = YES;
				CLANG_WARN_COMMA = YES;
				CLANG_WARN_CONSTANT_CONVERSION = YES;
				CLANG_WARN_DIRECT_OBJC_ISA_USAGE = YES_ERROR;
				CLANG_WARN_DOCUMENTATION_COMMENTS = YES;
				CLANG_WARN_EMPTY_BODY = YES;
				CLANG_WARN_ENUM_CONVERSION = YES;
				CLANG_WARN_INFINITE_RECURSION = YES;
				CLANG_WARN_INT_CONVERSION = YES;
				CLANG_WARN_NON_LITERAL_NULL_CONVERSION = YES;
				CLANG_WARN_OBJC_LITERAL_CONVERSION = YES;
				CLANG_WARN_OBJC_ROOT_CLASS = YES_ERROR;
				CLANG_WARN_RANGE_LOOP_ANALYSIS = YES;
				CLANG_WARN_STRICT_PROTOTYPES = YES;
				CLANG_WARN_SUSPICIOUS_MOVE = YES;
				CLANG_WARN_UNGUARDED_AVAILABILITY = YES_AGGRESSIVE;
				CLANG_WARN_UNREACHABLE_CODE = YES;
				CLANG_WARN__DUPLICATE_METHOD_MATCH = YES;
				CODE_SIGN_IDENTITY = "iPhone Developer";
				COPY_PHASE_STRIP = NO;
				DEBUG_INFORMATION_FORMAT = "dwarf-with-dsym";
				ENABLE_NS_ASSERTIONS = NO;
				ENABLE_STRICT_OBJC_MSGSEND = YES;
				GCC_C_LANGUAGE_STANDARD = gnu11;
				GCC_NO_COMMON_BLOCKS = YES;
				GCC_WARN_64_TO_32_BIT_CONVERSION = YES;
				GCC_WARN_ABOUT_RETURN_TYPE = YES_ERROR;
				GCC_WARN_UNDECLARED_SELECTOR = YES;
				GCC_WARN_UNINITIALIZED_AUTOS = YES_AGGRESSIVE;
				GCC_WARN_UNUSED_FUNCTION = YES;
				GCC_WARN_UNUSED_VARIABLE = YES;
				IPHONEOS_DEPLOYMENT_TARGET = 11.2;
				MTL_ENABLE_DEBUG_INFO = NO;
				SDKROOT = iphoneos;
				SWIFT_OPTIMIZATION_LEVEL = "-Owholemodule";
				VALIDATE_PRODUCT = YES;
			};
			name = Release;
		};
		1ABE90F8221DAEDE00BB3580 /* Debug */ = {
			isa = XCBuildConfiguration;
			buildSettings = {
				ASSETCATALOG_COMPILER_APPICON_NAME = AppIcon;
				CODE_SIGN_STYLE = Automatic;
				INFOPLIST_FILE = ViewControllerAliciaZamora20feb2019/Info.plist;
				LD_RUNPATH_SEARCH_PATHS = "$(inherited) @executable_path/Frameworks";
				PRODUCT_BUNDLE_IDENTIFIER = AliciaZv.ViewControllerAliciaZamora20feb2019;
				PRODUCT_NAME = "$(TARGET_NAME)";
				SWIFT_VERSION = 4.0;
				TARGETED_DEVICE_FAMILY = "1,2";
			};
			name = Debug;
		};
		1ABE90F9221DAEDE00BB3580 /* Release */ = {
			isa = XCBuildConfiguration;
			buildSettings = {
				ASSETCATALOG_COMPILER_APPICON_NAME = AppIcon;
				CODE_SIGN_STYLE = Automatic;
				INFOPLIST_FILE = ViewControllerAliciaZamora20feb2019/Info.plist;
				LD_RUNPATH_SEARCH_PATHS = "$(inherited) @executable_path/Frameworks";
				PRODUCT_BUNDLE_IDENTIFIER = AliciaZv.ViewControllerAliciaZamora20feb2019;
				PRODUCT_NAME = "$(TARGET_NAME)";
				SWIFT_VERSION = 4.0;
				TARGETED_DEVICE_FAMILY = "1,2";
			};
			name = Release;
		};
		1ABE90FB221DAEDE00BB3580 /* Debug */ = {
			isa = XCBuildConfiguration;
			buildSettings = {
				ALWAYS_EMBED_SWIFT_STANDARD_LIBRARIES = YES;
				BUNDLE_LOADER = "$(TEST_HOST)";
				CODE_SIGN_STYLE = Automatic;
				INFOPLIST_FILE = ViewControllerAliciaZamora20feb2019Tests/Info.plist;
				LD_RUNPATH_SEARCH_PATHS = "$(inherited) @executable_path/Frameworks @loader_path/Frameworks";
				PRODUCT_BUNDLE_IDENTIFIER = AliciaZv.ViewControllerAliciaZamora20feb2019Tests;
				PRODUCT_NAME = "$(TARGET_NAME)";
				SWIFT_VERSION = 4.0;
				TARGETED_DEVICE_FAMILY = "1,2";
				TEST_HOST = "$(BUILT_PRODUCTS_DIR)/ViewControllerAliciaZamora20feb2019.app/ViewControllerAliciaZamora20feb2019";
			};
			name = Debug;
		};
		1ABE90FC221DAEDE00BB3580 /* Release */ = {
			isa = XCBuildConfiguration;
			buildSettings = {
				ALWAYS_EMBED_SWIFT_STANDARD_LIBRARIES = YES;
				BUNDLE_LOADER = "$(TEST_HOST)";
				CODE_SIGN_STYLE = Automatic;
				INFOPLIST_FILE = ViewControllerAliciaZamora20feb2019Tests/Info.plist;
				LD_RUNPATH_SEARCH_PATHS = "$(inherited) @executable_path/Frameworks @loader_path/Frameworks";
				PRODUCT_BUNDLE_IDENTIFIER = AliciaZv.ViewControllerAliciaZamora20feb2019Tests;
				PRODUCT_NAME = "$(TARGET_NAME)";
				SWIFT_VERSION = 4.0;
				TARGETED_DEVICE_FAMILY = "1,2";
				TEST_HOST = "$(BUILT_PRODUCTS_DIR)/ViewControllerAliciaZamora20feb2019.app/ViewControllerAliciaZamora20feb2019";
			};
			name = Release;
		};
		1ABE90FE221DAEDE00BB3580 /* Debug */ = {
			isa = XCBuildConfiguration;
			buildSettings = {
				ALWAYS_EMBED_SWIFT_STANDARD_LIBRARIES = YES;
				CODE_SIGN_STYLE = Automatic;
				INFOPLIST_FILE = ViewControllerAliciaZamora20feb2019UITests/Info.plist;
				LD_RUNPATH_SEARCH_PATHS = "$(inherited) @executable_path/Frameworks @loader_path/Frameworks";
				PRODUCT_BUNDLE_IDENTIFIER = AliciaZv.ViewControllerAliciaZamora20feb2019UITests;
				PRODUCT_NAME = "$(TARGET_NAME)";
				SWIFT_VERSION = 4.0;
				TARGETED_DEVICE_FAMILY = "1,2";
				TEST_TARGET_NAME = ViewControllerAliciaZamora20feb2019;
			};
			name = Debug;
		};
		1ABE90FF221DAEDE00BB3580 /* Release */ = {
			isa = XCBuildConfiguration;
			buildSettings = {
				ALWAYS_EMBED_SWIFT_STANDARD_LIBRARIES = YES;
				CODE_SIGN_STYLE = Automatic;
				INFOPLIST_FILE = ViewControllerAliciaZamora20feb2019UITests/Info.plist;
				LD_RUNPATH_SEARCH_PATHS = "$(inherited) @executable_path/Frameworks @loader_path/Frameworks";
				PRODUCT_BUNDLE_IDENTIFIER = AliciaZv.ViewControllerAliciaZamora20feb2019UITests;
				PRODUCT_NAME = "$(TARGET_NAME)";
				SWIFT_VERSION = 4.0;
				TARGETED_DEVICE_FAMILY = "1,2";
				TEST_TARGET_NAME = ViewControllerAliciaZamora20feb2019;
			};
			name = Release;
		};
/* End XCBuildConfiguration section */

/* Begin XCConfigurationList section */
		1ABE90CA221DAEDD00BB3580 /* Build configuration list for PBXProject "ViewControllerAliciaZamora20feb2019" */ = {
			isa = XCConfigurationList;
			buildConfigurations = (
				1ABE90F5221DAEDE00BB3580 /* Debug */,
				1ABE90F6221DAEDE00BB3580 /* Release */,
			);
			defaultConfigurationIsVisible = 0;
			defaultConfigurationName = Release;
		};
		1ABE90F7221DAEDE00BB3580 /* Build configuration list for PBXNativeTarget "ViewControllerAliciaZamora20feb2019" */ = {
			isa = XCConfigurationList;
			buildConfigurations = (
				1ABE90F8221DAEDE00BB3580 /* Debug */,
				1ABE90F9221DAEDE00BB3580 /* Release */,
			);
			defaultConfigurationIsVisible = 0;
			defaultConfigurationName = Release;
		};
		1ABE90FA221DAEDE00BB3580 /* Build configuration list for PBXNativeTarget "ViewControllerAliciaZamora20feb2019Tests" */ = {
			isa = XCConfigurationList;
			buildConfigurations = (
				1ABE90FB221DAEDE00BB3580 /* Debug */,
				1ABE90FC221DAEDE00BB3580 /* Release */,
			);
			defaultConfigurationIsVisible = 0;
			defaultConfigurationName = Release;
		};
		1ABE90FD221DAEDE00BB3580 /* Build configuration list for PBXNativeTarget "ViewControllerAliciaZamora20feb2019UITests" */ = {
			isa = XCConfigurationList;
			buildConfigurations = (
				1ABE90FE221DAEDE00BB3580 /* Debug */,
				1ABE90FF221DAEDE00BB3580 /* Release */,
			);
			defaultConfigurationIsVisible = 0;
			defaultConfigurationName = Release;
		};
/* End XCConfigurationList section */
	};
	rootObject = 1ABE90C7221DAEDD00BB3580 /* Project object */;
}
